// !$*UTF8*$!
{
	archiveVersion = 1;
	classes = {
	};
	objectVersion = 51;
	objects = {

/* Begin PBXBuildFile section */
		9B2612F928274EAB007D4898 /* HomeViewController.swift in Sources */ = {isa = PBXBuildFile; fileRef = 9B2612F828274EAB007D4898 /* HomeViewController.swift */; };
		9B2612FD282772AC007D4898 /* DetailsViewController.swift in Sources */ = {isa = PBXBuildFile; fileRef = 9B2612FC282772AC007D4898 /* DetailsViewController.swift */; };
		9B2612FF282772D0007D4898 /* StepsTableViewCell.swift in Sources */ = {isa = PBXBuildFile; fileRef = 9B2612FE282772D0007D4898 /* StepsTableViewCell.swift */; };
		9B2613012827C8AF007D4898 /* TableViewCell.swift in Sources */ = {isa = PBXBuildFile; fileRef = 9B2613002827C8AF007D4898 /* TableViewCell.swift */; };
		9B84ED212826F16B00B3F5B4 /* AppDelegate.swift in Sources */ = {isa = PBXBuildFile; fileRef = 9B84ED202826F16B00B3F5B4 /* AppDelegate.swift */; };
		9B84ED232826F16B00B3F5B4 /* SceneDelegate.swift in Sources */ = {isa = PBXBuildFile; fileRef = 9B84ED222826F16B00B3F5B4 /* SceneDelegate.swift */; };
		9B84ED282826F16B00B3F5B4 /* Main.storyboard in Resources */ = {isa = PBXBuildFile; fileRef = 9B84ED262826F16B00B3F5B4 /* Main.storyboard */; };
		9B84ED2B2826F16B00B3F5B4 /* Food_Recipes.xcdatamodeld in Sources */ = {isa = PBXBuildFile; fileRef = 9B84ED292826F16B00B3F5B4 /* Food_Recipes.xcdatamodeld */; };
		9B84ED2D2826F16C00B3F5B4 /* Assets.xcassets in Resources */ = {isa = PBXBuildFile; fileRef = 9B84ED2C2826F16C00B3F5B4 /* Assets.xcassets */; };
		9B84ED302826F16C00B3F5B4 /* LaunchScreen.storyboard in Resources */ = {isa = PBXBuildFile; fileRef = 9B84ED2E2826F16C00B3F5B4 /* LaunchScreen.storyboard */; };
		9B84ED3A2826F7FF00B3F5B4 /* NetworkDelegate.swift in Sources */ = {isa = PBXBuildFile; fileRef = 9B84ED392826F7FF00B3F5B4 /* NetworkDelegate.swift */; };
		9B84ED3C28270E5900B3F5B4 /* ResponseModel.swift in Sources */ = {isa = PBXBuildFile; fileRef = 9B84ED3B28270E5900B3F5B4 /* ResponseModel.swift */; };
		E1FBA6338F2F8F984F22CA90 /* Pods_Food_Recipes.framework in Frameworks */ = {isa = PBXBuildFile; fileRef = CBFDC7826AAE888DEE938251 /* Pods_Food_Recipes.framework */; };
/* End PBXBuildFile section */

/* Begin PBXFileReference section */
		761F22AC2D0A47A5B2001593 /* Pods-Food_Recipes.debug.xcconfig */ = {isa = PBXFileReference; includeInIndex = 1; lastKnownFileType = text.xcconfig; name = "Pods-Food_Recipes.debug.xcconfig"; path = "Target Support Files/Pods-Food_Recipes/Pods-Food_Recipes.debug.xcconfig"; sourceTree = "<group>"; };
		8D5650C10BA224A60C99E1FA /* Pods-Food_Recipes.release.xcconfig */ = {isa = PBXFileReference; includeInIndex = 1; lastKnownFileType = text.xcconfig; name = "Pods-Food_Recipes.release.xcconfig"; path = "Target Support Files/Pods-Food_Recipes/Pods-Food_Recipes.release.xcconfig"; sourceTree = "<group>"; };
		9B2612F828274EAB007D4898 /* HomeViewController.swift */ = {isa = PBXFileReference; lastKnownFileType = sourcecode.swift; path = HomeViewController.swift; sourceTree = "<group>"; };
		9B2612FC282772AC007D4898 /* DetailsViewController.swift */ = {isa = PBXFileReference; lastKnownFileType = sourcecode.swift; path = DetailsViewController.swift; sourceTree = "<group>"; };
		9B2612FE282772D0007D4898 /* StepsTableViewCell.swift */ = {isa = PBXFileReference; lastKnownFileType = sourcecode.swift; path = StepsTableViewCell.swift; sourceTree = "<group>"; };
		9B2613002827C8AF007D4898 /* TableViewCell.swift */ = {isa = PBXFileReference; lastKnownFileType = sourcecode.swift; path = TableViewCell.swift; sourceTree = "<group>"; };
		9B84ED1D2826F16B00B3F5B4 /* Food_Recipes.app */ = {isa = PBXFileReference; explicitFileType = wrapper.application; includeInIndex = 0; path = Food_Recipes.app; sourceTree = BUILT_PRODUCTS_DIR; };
		9B84ED202826F16B00B3F5B4 /* AppDelegate.swift */ = {isa = PBXFileReference; lastKnownFileType = sourcecode.swift; path = AppDelegate.swift; sourceTree = "<group>"; };
		9B84ED222826F16B00B3F5B4 /* SceneDelegate.swift */ = {isa = PBXFileReference; lastKnownFileType = sourcecode.swift; path = SceneDelegate.swift; sourceTree = "<group>"; };
		9B84ED272826F16B00B3F5B4 /* Base */ = {isa = PBXFileReference; lastKnownFileType = file.storyboard; name = Base; path = Base.lproj/Main.storyboard; sourceTree = "<group>"; };
		9B84ED2A2826F16B00B3F5B4 /* Food_Recipes.xcdatamodel */ = {isa = PBXFileReference; lastKnownFileType = wrapper.xcdatamodel; path = Food_Recipes.xcdatamodel; sourceTree = "<group>"; };
		9B84ED2C2826F16C00B3F5B4 /* Assets.xcassets */ = {isa = PBXFileReference; lastKnownFileType = folder.assetcatalog; path = Assets.xcassets; sourceTree = "<group>"; };
		9B84ED2F2826F16C00B3F5B4 /* Base */ = {isa = PBXFileReference; lastKnownFileType = file.storyboard; name = Base; path = Base.lproj/LaunchScreen.storyboard; sourceTree = "<group>"; };
		9B84ED312826F16C00B3F5B4 /* Info.plist */ = {isa = PBXFileReference; lastKnownFileType = text.plist.xml; path = Info.plist; sourceTree = "<group>"; };
		9B84ED392826F7FF00B3F5B4 /* NetworkDelegate.swift */ = {isa = PBXFileReference; lastKnownFileType = sourcecode.swift; path = NetworkDelegate.swift; sourceTree = "<group>"; };
		9B84ED3B28270E5900B3F5B4 /* ResponseModel.swift */ = {isa = PBXFileReference; lastKnownFileType = sourcecode.swift; path = ResponseModel.swift; sourceTree = "<group>"; };
		CBFDC7826AAE888DEE938251 /* Pods_Food_Recipes.framework */ = {isa = PBXFileReference; explicitFileType = wrapper.framework; includeInIndex = 0; path = Pods_Food_Recipes.framework; sourceTree = BUILT_PRODUCTS_DIR; };
/* End PBXFileReference section */

/* Begin PBXFrameworksBuildPhase section */
		9B84ED1A2826F16B00B3F5B4 /* Frameworks */ = {
			isa = PBXFrameworksBuildPhase;
			buildActionMask = 2147483647;
			files = (
				E1FBA6338F2F8F984F22CA90 /* Pods_Food_Recipes.framework in Frameworks */,
			);
			runOnlyForDeploymentPostprocessing = 0;
		};
/* End PBXFrameworksBuildPhase section */

/* Begin PBXGroup section */
		2C57922B8A5A79F2752DA3F1 /* Frameworks */ = {
			isa = PBXGroup;
			children = (
				CBFDC7826AAE888DEE938251 /* Pods_Food_Recipes.framework */,
			);
			name = Frameworks;
			sourceTree = "<group>";
		};
		442856093A06EFA44F034266 /* Pods */ = {
			isa = PBXGroup;
			children = (
				761F22AC2D0A47A5B2001593 /* Pods-Food_Recipes.debug.xcconfig */,
				8D5650C10BA224A60C99E1FA /* Pods-Food_Recipes.release.xcconfig */,
			);
			path = Pods;
			sourceTree = "<group>";
		};
		9B2612F728274BAA007D4898 /* View */ = {
			isa = PBXGroup;
			children = (
				9B2612FC282772AC007D4898 /* DetailsViewController.swift */,
				9B2612FE282772D0007D4898 /* StepsTableViewCell.swift */,
				9B2613002827C8AF007D4898 /* TableViewCell.swift */,
			);
			path = View;
			sourceTree = "<group>";
		};
		9B84ED142826F16B00B3F5B4 = {
			isa = PBXGroup;
			children = (
				9B84ED1F2826F16B00B3F5B4 /* Food_Recipes */,
				9B84ED1E2826F16B00B3F5B4 /* Products */,
				442856093A06EFA44F034266 /* Pods */,
				2C57922B8A5A79F2752DA3F1 /* Frameworks */,
			);
			sourceTree = "<group>";
		};
		9B84ED1E2826F16B00B3F5B4 /* Products */ = {
			isa = PBXGroup;
			children = (
				9B84ED1D2826F16B00B3F5B4 /* Food_Recipes.app */,
			);
			name = Products;
			sourceTree = "<group>";
		};
		9B84ED1F2826F16B00B3F5B4 /* Food_Recipes */ = {
			isa = PBXGroup;
			children = (
				9BAFDEC4282AB22900090A4A /* Controller */,
				9B2612F728274BAA007D4898 /* View */,
				9B84ED382826F7E900B3F5B4 /* Model */,
				9B84ED202826F16B00B3F5B4 /* AppDelegate.swift */,
				9B84ED222826F16B00B3F5B4 /* SceneDelegate.swift */,
				9B84ED262826F16B00B3F5B4 /* Main.storyboard */,
				9B84ED2C2826F16C00B3F5B4 /* Assets.xcassets */,
				9B84ED2E2826F16C00B3F5B4 /* LaunchScreen.storyboard */,
				9B84ED312826F16C00B3F5B4 /* Info.plist */,
				9B84ED292826F16B00B3F5B4 /* Food_Recipes.xcdatamodeld */,
			);
			path = Food_Recipes;
			sourceTree = "<group>";
		};
		9B84ED382826F7E900B3F5B4 /* Model */ = {
			isa = PBXGroup;
			children = (
				9B84ED392826F7FF00B3F5B4 /* NetworkDelegate.swift */,
				9B84ED3B28270E5900B3F5B4 /* ResponseModel.swift */,
			);
			path = Model;
			sourceTree = "<group>";
		};
		9BAFDEC4282AB22900090A4A /* Controller */ = {
			isa = PBXGroup;
			children = (
				9B2612F828274EAB007D4898 /* HomeViewController.swift */,
			);
			path = Controller;
			sourceTree = "<group>";
		};
/* End PBXGroup section */

/* Begin PBXNativeTarget section */
		9B84ED1C2826F16B00B3F5B4 /* Food_Recipes */ = {
			isa = PBXNativeTarget;
			buildConfigurationList = 9B84ED342826F16C00B3F5B4 /* Build configuration list for PBXNativeTarget "Food_Recipes" */;
			buildPhases = (
				4F7BA4D702051CA4E845E013 /* [CP] Check Pods Manifest.lock */,
				9B84ED192826F16B00B3F5B4 /* Sources */,
				9B84ED1A2826F16B00B3F5B4 /* Frameworks */,
				9B84ED1B2826F16B00B3F5B4 /* Resources */,
				78974B7797F38E77DD98F5D9 /* [CP] Embed Pods Frameworks */,
			);
			buildRules = (
			);
			dependencies = (
			);
			name = Food_Recipes;
			productName = Food_Recipes;
			productReference = 9B84ED1D2826F16B00B3F5B4 /* Food_Recipes.app */;
			productType = "com.apple.product-type.application";
		};
/* End PBXNativeTarget section */

/* Begin PBXProject section */
		9B84ED152826F16B00B3F5B4 /* Project object */ = {
			isa = PBXProject;
			attributes = {
				LastSwiftUpdateCheck = 1140;
				LastUpgradeCheck = 1140;
				ORGANIZATIONNAME = "NourAllah Ahmed";
				TargetAttributes = {
					9B84ED1C2826F16B00B3F5B4 = {
						CreatedOnToolsVersion = 11.4;
					};
				};
			};
			buildConfigurationList = 9B84ED182826F16B00B3F5B4 /* Build configuration list for PBXProject "Food_Recipes" */;
			compatibilityVersion = "Xcode 9.3";
			developmentRegion = en;
			hasScannedForEncodings = 0;
			knownRegions = (
				en,
				Base,
			);
			mainGroup = 9B84ED142826F16B00B3F5B4;
			productRefGroup = 9B84ED1E2826F16B00B3F5B4 /* Products */;
			projectDirPath = "";
			projectRoot = "";
			targets = (
				9B84ED1C2826F16B00B3F5B4 /* Food_Recipes */,
			);
		};
/* End PBXProject section */

/* Begin PBXResourcesBuildPhase section */
		9B84ED1B2826F16B00B3F5B4 /* Resources */ = {
			isa = PBXResourcesBuildPhase;
			buildActionMask = 2147483647;
			files = (
				9B84ED302826F16C00B3F5B4 /* LaunchScreen.storyboard in Resources */,
				9B84ED2D2826F16C00B3F5B4 /* Assets.xcassets in Resources */,
				9B84ED282826F16B00B3F5B4 /* Main.storyboard in Resources */,
			);
			runOnlyForDeploymentPostprocessing = 0;
		};
/* End PBXResourcesBuildPhase section */

/* Begin PBXShellScriptBuildPhase section */
		4F7BA4D702051CA4E845E013 /* [CP] Check Pods Manifest.lock */ = {
			isa = PBXShellScriptBuildPhase;
			buildActionMask = 2147483647;
			files = (
			);
			inputFileListPaths = (
			);
			inputPaths = (
				"${PODS_PODFILE_DIR_PATH}/Podfile.lock",
				"${PODS_ROOT}/Manifest.lock",
			);
			name = "[CP] Check Pods Manifest.lock";
			outputFileListPaths = (
			);
			outputPaths = (
				"$(DERIVED_FILE_DIR)/Pods-Food_Recipes-checkManifestLockResult.txt",
			);
			runOnlyForDeploymentPostprocessing = 0;
			shellPath = /bin/sh;
			shellScript = "diff \"${PODS_PODFILE_DIR_PATH}/Podfile.lock\" \"${PODS_ROOT}/Manifest.lock\" > /dev/null\nif [ $? != 0 ] ; then\n    # print error to STDERR\n    echo \"error: The sandbox is not in sync with the Podfile.lock. Run 'pod install' or update your CocoaPods installation.\" >&2\n    exit 1\nfi\n# This output is used by Xcode 'outputs' to avoid re-running this script phase.\necho \"SUCCESS\" > \"${SCRIPT_OUTPUT_FILE_0}\"\n";
			showEnvVarsInLog = 0;
		};
		78974B7797F38E77DD98F5D9 /* [CP] Embed Pods Frameworks */ = {
			isa = PBXShellScriptBuildPhase;
			buildActionMask = 2147483647;
			files = (
			);
			inputFileListPaths = (
				"${PODS_ROOT}/Target Support Files/Pods-Food_Recipes/Pods-Food_Recipes-frameworks-${CONFIGURATION}-input-files.xcfilelist",
			);
			name = "[CP] Embed Pods Frameworks";
			outputFileListPaths = (
				"${PODS_ROOT}/Target Support Files/Pods-Food_Recipes/Pods-Food_Recipes-frameworks-${CONFIGURATION}-output-files.xcfilelist",
			);
			runOnlyForDeploymentPostprocessing = 0;
			shellPath = /bin/sh;
			shellScript = "\"${PODS_ROOT}/Target Support Files/Pods-Food_Recipes/Pods-Food_Recipes-frameworks.sh\"\n";
			showEnvVarsInLog = 0;
		};
/* End PBXShellScriptBuildPhase section */

/* Begin PBXSourcesBuildPhase section */
		9B84ED192826F16B00B3F5B4 /* Sources */ = {
			isa = PBXSourcesBuildPhase;
			buildActionMask = 2147483647;
			files = (
				9B84ED3A2826F7FF00B3F5B4 /* NetworkDelegate.swift in Sources */,
				9B2612FD282772AC007D4898 /* DetailsViewController.swift in Sources */,
				9B84ED212826F16B00B3F5B4 /* AppDelegate.swift in Sources */,
				9B84ED232826F16B00B3F5B4 /* SceneDelegate.swift in Sources */,
				9B2612FF282772D0007D4898 /* StepsTableViewCell.swift in Sources */,
				9B2613012827C8AF007D4898 /* TableViewCell.swift in Sources */,
				9B84ED3C28270E5900B3F5B4 /* ResponseModel.swift in Sources */,
				9B2612F928274EAB007D4898 /* HomeViewController.swift in Sources */,
				9B84ED2B2826F16B00B3F5B4 /* Food_Recipes.xcdatamodeld in Sources */,
			);
			runOnlyForDeploymentPostprocessing = 0;
		};
/* End PBXSourcesBuildPhase section */

/* Begin PBXVariantGroup section */
		9B84ED262826F16B00B3F5B4 /* Main.storyboard */ = {
			isa = PBXVariantGroup;
			children = (
				9B84ED272826F16B00B3F5B4 /* Base */,
			);
			name = Main.storyboard;
			sourceTree = "<group>";
		};
		9B84ED2E2826F16C00B3F5B4 /* LaunchScreen.storyboard */ = {
			isa = PBXVariantGroup;
			children = (
				9B84ED2F2826F16C00B3F5B4 /* Base */,
			);
			name = LaunchScreen.storyboard;
			sourceTree = "<group>";
		};
/* End PBXVariantGroup section */

/* Begin XCBuildConfiguration section */
		9B84ED322826F16C00B3F5B4 /* Debug */ = {
			isa = XCBuildConfiguration;
			buildSettings = {
				ALWAYS_SEARCH_USER_PATHS = NO;
				CLANG_ANALYZER_NONNULL = YES;
				CLANG_ANALYZER_NUMBER_OBJECT_CONVERSION = YES_AGGRESSIVE;
				CLANG_CXX_LANGUAGE_STANDARD = "gnu++14";
				CLANG_CXX_LIBRARY = "libc++";
				CLANG_ENABLE_MODULES = YES;
				CLANG_ENABLE_OBJC_ARC = YES;
				CLANG_ENABLE_OBJC_WEAK = YES;
				CLANG_WARN_BLOCK_CAPTURE_AUTORELEASING = YES;
				CLANG_WARN_BOOL_CONVERSION = YES;
				CLANG_WARN_COMMA = YES;
				CLANG_WARN_CONSTANT_CONVERSION = YES;
				CLANG_WARN_DEPRECATED_OBJC_IMPLEMENTATIONS = YES;
				CLANG_WARN_DIRECT_OBJC_ISA_USAGE = YES_ERROR;
				CLANG_WARN_DOCUMENTATION_COMMENTS = YES;
				CLANG_WARN_EMPTY_BODY = YES;
				CLANG_WARN_ENUM_CONVERSION = YES;
				CLANG_WARN_INFINITE_RECURSION = YES;
				CLANG_WARN_INT_CONVERSION = YES;
				CLANG_WARN_NON_LITERAL_NULL_CONVERSION = YES;
				CLANG_WARN_OBJC_IMPLICIT_RETAIN_SELF = YES;
				CLANG_WARN_OBJC_LITERAL_CONVERSION = YES;
				CLANG_WARN_OBJC_ROOT_CLASS = YES_ERROR;
				CLANG_WARN_RANGE_LOOP_ANALYSIS = YES;
				CLANG_WARN_STRICT_PROTOTYPES = YES;
				CLANG_WARN_SUSPICIOUS_MOVE = YES;
				CLANG_WARN_UNGUARDED_AVAILABILITY = YES_AGGRESSIVE;
				CLANG_WARN_UNREACHABLE_CODE = YES;
				CLANG_WARN__DUPLICATE_METHOD_MATCH = YES;
				COPY_PHASE_STRIP = NO;
				DEBUG_INFORMATION_FORMAT = dwarf;
				ENABLE_STRICT_OBJC_MSGSEND = YES;
				ENABLE_TESTABILITY = YES;
				GCC_C_LANGUAGE_STANDARD = gnu11;
				GCC_DYNAMIC_NO_PIC = NO;
				GCC_NO_COMMON_BLOCKS = YES;
				GCC_OPTIMIZATION_LEVEL = 0;
				GCC_PREPROCESSOR_DEFINITIONS = (
					"DEBUG=1",
					"$(inherited)",
				);
				GCC_WARN_64_TO_32_BIT_CONVERSION = YES;
				GCC_WARN_ABOUT_RETURN_TYPE = YES_ERROR;
				GCC_WARN_UNDECLARED_SELECTOR = YES;
				GCC_WARN_UNINITIALIZED_AUTOS = YES_AGGRESSIVE;
				GCC_WARN_UNUSED_FUNCTION = YES;
				GCC_WARN_UNUSED_VARIABLE = YES;
				IPHONEOS_DEPLOYMENT_TARGET = 13.4;
				MTL_ENABLE_DEBUG_INFO = INCLUDE_SOURCE;
				MTL_FAST_MATH = YES;
				ONLY_ACTIVE_ARCH = YES;
				SDKROOT = iphoneos;
				SWIFT_ACTIVE_COMPILATION_CONDITIONS = DEBUG;
				SWIFT_OPTIMIZATION_LEVEL = "-Onone";
			};
			name = Debug;
		};
		9B84ED332826F16C00B3F5B4 /* Release */ = {
			isa = XCBuildConfiguration;
			buildSettings = {
				ALWAYS_SEARCH_USER_PATHS = NO;
				CLANG_ANALYZER_NONNULL = YES;
				CLANG_ANALYZER_NUMBER_OBJECT_CONVERSION = YES_AGGRESSIVE;
				CLANG_CXX_LANGUAGE_STANDARD = "gnu++14";
				CLANG_CXX_LIBRARY = "libc++";
				CLANG_ENABLE_MODULES = YES;
				CLANG_ENABLE_OBJC_ARC = YES;
				CLANG_ENABLE_OBJC_WEAK = YES;
				CLANG_WARN_BLOCK_CAPTURE_AUTORELEASING = YES;
				CLANG_WARN_BOOL_CONVERSION = YES;
				CLANG_WARN_COMMA = YES;
				CLANG_WARN_CONSTANT_CONVERSION = YES;
				CLANG_WARN_DEPRECATED_OBJC_IMPLEMENTATIONS = YES;
				CLANG_WARN_DIRECT_OBJC_ISA_USAGE = YES_ERROR;
				CLANG_WARN_DOCUMENTATION_COMMENTS = YES;
				CLANG_WARN_EMPTY_BODY = YES;
				CLANG_WARN_ENUM_CONVERSION = YES;
				CLANG_WARN_INFINITE_RECURSION = YES;
				CLANG_WARN_INT_CONVERSION = YES;
				CLANG_WARN_NON_LITERAL_NULL_CONVERSION = YES;
				CLANG_WARN_OBJC_IMPLICIT_RETAIN_SELF = YES;
				CLANG_WARN_OBJC_LITERAL_CONVERSION = YES;
				CLANG_WARN_OBJC_ROOT_CLASS = YES_ERROR;
				CLANG_WARN_RANGE_LOOP_ANALYSIS = YES;
				CLANG_WARN_STRICT_PROTOTYPES = YES;
				CLANG_WARN_SUSPICIOUS_MOVE = YES;
				CLANG_WARN_UNGUARDED_AVAILABILITY = YES_AGGRESSIVE;
				CLANG_WARN_UNREACHABLE_CODE = YES;
				CLANG_WARN__DUPLICATE_METHOD_MATCH = YES;
				COPY_PHASE_STRIP = NO;
				DEBUG_INFORMATION_FORMAT = "dwarf-with-dsym";
				ENABLE_NS_ASSERTIONS = NO;
				ENABLE_STRICT_OBJC_MSGSEND = YES;
				GCC_C_LANGUAGE_STANDARD = gnu11;
				GCC_NO_COMMON_BLOCKS = YES;
				GCC_WARN_64_TO_32_BIT_CONVERSION = YES;
				GCC_WARN_ABOUT_RETURN_TYPE = YES_ERROR;
				GCC_WARN_UNDECLARED_SELECTOR = YES;
				GCC_WARN_UNINITIALIZED_AUTOS = YES_AGGRESSIVE;
				GCC_WARN_UNUSED_FUNCTION = YES;
				GCC_WARN_UNUSED_VARIABLE = YES;
				IPHONEOS_DEPLOYMENT_TARGET = 13.4;
				MTL_ENABLE_DEBUG_INFO = NO;
				MTL_FAST_MATH = YES;
				SDKROOT = iphoneos;
				SWIFT_COMPILATION_MODE = wholemodule;
				SWIFT_OPTIMIZATION_LEVEL = "-O";
				VALIDATE_PRODUCT = YES;
			};
			name = Release;
		};
		9B84ED352826F16C00B3F5B4 /* Debug */ = {
			isa = XCBuildConfiguration;
			baseConfigurationReference = 761F22AC2D0A47A5B2001593 /* Pods-Food_Recipes.debug.xcconfig */;
			buildSettings = {
				ASSETCATALOG_COMPILER_APPICON_NAME = AppIcon;
				CODE_SIGN_STYLE = Automatic;
				INFOPLIST_FILE = Food_Recipes/Info.plist;
				LD_RUNPATH_SEARCH_PATHS = (
					"$(inherited)",
					"@executable_path/Frameworks",
				);
				PRODUCT_BUNDLE_IDENTIFIER = "Iti.Food-Recipes";
				PRODUCT_NAME = "$(TARGET_NAME)";
				SWIFT_VERSION = 5.0;
				TARGETED_DEVICE_FAMILY = "1,2";
			};
			name = Debug;
		};
		9B84ED362826F16C00B3F5B4 /* Release */ = {
			isa = XCBuildConfiguration;
			baseConfigurationReference = 8D5650C10BA224A60C99E1FA /* Pods-Food_Recipes.release.xcconfig */;
			buildSettings = {
				ASSETCATALOG_COMPILER_APPICON_NAME = AppIcon;
				CODE_SIGN_STYLE = Automatic;
				INFOPLIST_FILE = Food_Recipes/Info.plist;
				LD_RUNPATH_SEARCH_PATHS = (
					"$(inherited)",
					"@executable_path/Frameworks",
				);
				PRODUCT_BUNDLE_IDENTIFIER = "Iti.Food-Recipes";
				PRODUCT_NAME = "$(TARGET_NAME)";
				SWIFT_VERSION = 5.0;
				TARGETED_DEVICE_FAMILY = "1,2";
			};
			name = Release;
		};
/* End XCBuildConfiguration section */

/* Begin XCConfigurationList section */
		9B84ED182826F16B00B3F5B4 /* Build configuration list for PBXProject "Food_Recipes" */ = {
			isa = XCConfigurationList;
			buildConfigurations = (
				9B84ED322826F16C00B3F5B4 /* Debug */,
				9B84ED332826F16C00B3F5B4 /* Release */,
			);
			defaultConfigurationIsVisible = 0;
			defaultConfigurationName = Release;
		};
		9B84ED342826F16C00B3F5B4 /* Build configuration list for PBXNativeTarget "Food_Recipes" */ = {
			isa = XCConfigurationList;
			buildConfigurations = (
				9B84ED352826F16C00B3F5B4 /* Debug */,
				9B84ED362826F16C00B3F5B4 /* Release */,
			);
			defaultConfigurationIsVisible = 0;
			defaultConfigurationName = Release;
		};
/* End XCConfigurationList section */

/* Begin XCVersionGroup section */
		9B84ED292826F16B00B3F5B4 /* Food_Recipes.xcdatamodeld */ = {
			isa = XCVersionGroup;
			children = (
				9B84ED2A2826F16B00B3F5B4 /* Food_Recipes.xcdatamodel */,
			);
			currentVersion = 9B84ED2A2826F16B00B3F5B4 /* Food_Recipes.xcdatamodel */;
			path = Food_Recipes.xcdatamodeld;
			sourceTree = "<group>";
			versionGroupType = wrapper.xcdatamodel;
		};
/* End XCVersionGroup section */
	};
	rootObject = 9B84ED152826F16B00B3F5B4 /* Project object */;
}
